
Microsoft Visual Studio Solution File, Format Version 12.00
# Visual Studio 14
VisualStudioVersion = 14.0.25420.1
MinimumVisualStudioVersion = 10.0.40219.1
Project("{FAE04EC0-301F-11D3-BF4B-00C04F79EFBC}") = "NzbDrone.Core", "NzbDrone.Core\NzbDrone.Core.csproj", "{FF5EE3B6-913B-47CE-9CEB-11C51B4E1205}"
EndProject
Project("{FAE04EC0-301F-11D3-BF4B-00C04F79EFBC}") = "NzbDrone.Common", "NzbDrone.Common\NzbDrone.Common.csproj", "{F2BE0FDF-6E47-4827-A420-DD4EF82407F8}"
	ProjectSection(ProjectDependencies) = postProject
		{9DC31DE3-79FF-47A8-96B4-6BA18F6BB1CB} = {9DC31DE3-79FF-47A8-96B4-6BA18F6BB1CB}
	EndProjectSection
EndProject
Project("{2150E333-8FDC-42A3-9474-1A3956D46DE8}") = ".nuget", ".nuget", "{1E6B3CBE-1578-41C1-9BF9-78D818740BE9}"
	ProjectSection(SolutionItems) = preProject
		.nuget\NuGet.exe = .nuget\NuGet.exe
	EndProjectSection
EndProject
Project("{FAE04EC0-301F-11D3-BF4B-00C04F79EFBC}") = "NzbDrone.Api", "NzbDrone.Api\NzbDrone.Api.csproj", "{FD286DF8-2D3A-4394-8AD5-443FADE55FB2}"
EndProject
Project("{2150E333-8FDC-42A3-9474-1A3956D46DE8}") = "Host", "Host", "{486ADF86-DD89-4E19-B805-9D94F19800D9}"
EndProject
Project("{FAE04EC0-301F-11D3-BF4B-00C04F79EFBC}") = "NzbDrone.Console", "NzbDrone.Console\NzbDrone.Console.csproj", "{3DCA7B58-B8B3-49AC-9D9E-56F4A0460976}"
EndProject
Project("{FAE04EC0-301F-11D3-BF4B-00C04F79EFBC}") = "NzbDrone.Host", "NzbDrone.Host\NzbDrone.Host.csproj", "{95C11A9E-56ED-456A-8447-2C89C1139266}"
EndProject
Project("{FAE04EC0-301F-11D3-BF4B-00C04F79EFBC}") = "NzbDrone", "NzbDrone\NzbDrone.csproj", "{D12F7F2F-8A3C-415F-88FA-6DD061A84869}"
EndProject
Project("{FAE04EC0-301F-11D3-BF4B-00C04F79EFBC}") = "NzbDrone.SignalR", "NzbDrone.SignalR\NzbDrone.SignalR.csproj", "{7C2CC69F-5CA0-4E5C-85CB-983F9F6C3B36}"
EndProject
Project("{2150E333-8FDC-42A3-9474-1A3956D46DE8}") = "External", "External", "{F6E3A728-AE77-4D02-BAC8-82FBC1402DDA}"
EndProject
Project("{FAE04EC0-301F-11D3-BF4B-00C04F79EFBC}") = "Microsoft.AspNet.SignalR.Core", "Microsoft.AspNet.SignalR.Core\Microsoft.AspNet.SignalR.Core.csproj", "{1B9A82C4-BCA1-4834-A33E-226F17BE070B}"
EndProject
Project("{FAE04EC0-301F-11D3-BF4B-00C04F79EFBC}") = "Microsoft.AspNet.SignalR.Owin", "Microsoft.AspNet.SignalR.Owin\Microsoft.AspNet.SignalR.Owin.csproj", "{2B8C6DAD-4D85-41B1-83FD-248D9F347522}"
EndProject
Project("{FAE04EC0-301F-11D3-BF4B-00C04F79EFBC}") = "Marr.Data", "Marr.Data\Marr.Data.csproj", "{F6FC6BE7-0847-4817-A1ED-223DC647C3D7}"
EndProject
Project("{FAE04EC0-301F-11D3-BF4B-00C04F79EFBC}") = "NzbDrone.Mono", "NzbDrone.Mono\NzbDrone.Mono.csproj", "{15AD7579-A314-4626-B556-663F51D97CD1}"
EndProject
Project("{FAE04EC0-301F-11D3-BF4B-00C04F79EFBC}") = "NzbDrone.Windows", "NzbDrone.Windows\NzbDrone.Windows.csproj", "{911284D3-F130-459E-836C-2430B6FBF21D}"
EndProject
Project("{2150E333-8FDC-42A3-9474-1A3956D46DE8}") = "Platform", "Platform", "{0F0D4998-8F5D-4467-A909-BB192C4B3B4B}"
EndProject
Project("{FAE04EC0-301F-11D3-BF4B-00C04F79EFBC}") = "MonoTorrent", "MonoTorrent\MonoTorrent.csproj", "{411A9E0E-FDC6-4E25-828A-0C2CD1CD96F8}"
EndProject
Project("{FAE04EC0-301F-11D3-BF4B-00C04F79EFBC}") = "LogentriesCore", "LogentriesCore\LogentriesCore.csproj", "{90D6E9FC-7B88-4E1B-B018-8FA742274558}"
EndProject
Project("{FAE04EC0-301F-11D3-BF4B-00C04F79EFBC}") = "LogentriesNLog", "LogentriesNLog\LogentriesNLog.csproj", "{9DC31DE3-79FF-47A8-96B4-6BA18F6BB1CB}"
	ProjectSection(ProjectDependencies) = postProject
		{90D6E9FC-7B88-4E1B-B018-8FA742274558} = {90D6E9FC-7B88-4E1B-B018-8FA742274558}
	EndProjectSection
EndProject
Project("{FAE04EC0-301F-11D3-BF4B-00C04F79EFBC}") = "CurlSharp", "ExternalModules\CurlSharp\CurlSharp\CurlSharp.csproj", "{74420A79-CC16-442C-8B1E-7C1B913844F0}"
EndProject
Global
	GlobalSection(SolutionConfigurationPlatforms) = preSolution
		Debug|x86 = Debug|x86
		Mono|x86 = Mono|x86
		Release|x86 = Release|x86
	EndGlobalSection
	GlobalSection(ProjectConfigurationPlatforms) = postSolution
		{FF5EE3B6-913B-47CE-9CEB-11C51B4E1205}.Debug|x86.ActiveCfg = Debug|x86
		{FF5EE3B6-913B-47CE-9CEB-11C51B4E1205}.Debug|x86.Build.0 = Debug|x86
		{FF5EE3B6-913B-47CE-9CEB-11C51B4E1205}.Mono|x86.ActiveCfg = Release|x86
		{FF5EE3B6-913B-47CE-9CEB-11C51B4E1205}.Mono|x86.Build.0 = Release|x86
		{FF5EE3B6-913B-47CE-9CEB-11C51B4E1205}.Release|x86.ActiveCfg = Release|x86
		{FF5EE3B6-913B-47CE-9CEB-11C51B4E1205}.Release|x86.Build.0 = Release|x86
		{F2BE0FDF-6E47-4827-A420-DD4EF82407F8}.Debug|x86.ActiveCfg = Debug|x86
		{F2BE0FDF-6E47-4827-A420-DD4EF82407F8}.Debug|x86.Build.0 = Debug|x86
		{F2BE0FDF-6E47-4827-A420-DD4EF82407F8}.Mono|x86.ActiveCfg = Release|x86
		{F2BE0FDF-6E47-4827-A420-DD4EF82407F8}.Mono|x86.Build.0 = Release|x86
		{F2BE0FDF-6E47-4827-A420-DD4EF82407F8}.Release|x86.ActiveCfg = Release|x86
		{F2BE0FDF-6E47-4827-A420-DD4EF82407F8}.Release|x86.Build.0 = Release|x86
		{FD286DF8-2D3A-4394-8AD5-443FADE55FB2}.Debug|x86.ActiveCfg = Debug|x86
		{FD286DF8-2D3A-4394-8AD5-443FADE55FB2}.Debug|x86.Build.0 = Debug|x86
		{FD286DF8-2D3A-4394-8AD5-443FADE55FB2}.Mono|x86.ActiveCfg = Release|x86
		{FD286DF8-2D3A-4394-8AD5-443FADE55FB2}.Mono|x86.Build.0 = Release|x86
		{FD286DF8-2D3A-4394-8AD5-443FADE55FB2}.Release|x86.ActiveCfg = Release|x86
		{FD286DF8-2D3A-4394-8AD5-443FADE55FB2}.Release|x86.Build.0 = Release|x86
		{3DCA7B58-B8B3-49AC-9D9E-56F4A0460976}.Debug|x86.ActiveCfg = Debug|x86
		{3DCA7B58-B8B3-49AC-9D9E-56F4A0460976}.Debug|x86.Build.0 = Debug|x86
		{3DCA7B58-B8B3-49AC-9D9E-56F4A0460976}.Mono|x86.ActiveCfg = Debug|x86
		{3DCA7B58-B8B3-49AC-9D9E-56F4A0460976}.Mono|x86.Build.0 = Debug|x86
		{3DCA7B58-B8B3-49AC-9D9E-56F4A0460976}.Release|x86.ActiveCfg = Release|x86
		{3DCA7B58-B8B3-49AC-9D9E-56F4A0460976}.Release|x86.Build.0 = Release|x86
		{95C11A9E-56ED-456A-8447-2C89C1139266}.Debug|x86.ActiveCfg = Debug|x86
		{95C11A9E-56ED-456A-8447-2C89C1139266}.Debug|x86.Build.0 = Debug|x86
		{95C11A9E-56ED-456A-8447-2C89C1139266}.Mono|x86.ActiveCfg = Debug|x86
		{95C11A9E-56ED-456A-8447-2C89C1139266}.Mono|x86.Build.0 = Debug|x86
		{95C11A9E-56ED-456A-8447-2C89C1139266}.Release|x86.ActiveCfg = Release|x86
		{95C11A9E-56ED-456A-8447-2C89C1139266}.Release|x86.Build.0 = Release|x86
		{D12F7F2F-8A3C-415F-88FA-6DD061A84869}.Debug|x86.ActiveCfg = Debug|x86
		{D12F7F2F-8A3C-415F-88FA-6DD061A84869}.Debug|x86.Build.0 = Debug|x86
		{D12F7F2F-8A3C-415F-88FA-6DD061A84869}.Mono|x86.ActiveCfg = Release|x86
		{D12F7F2F-8A3C-415F-88FA-6DD061A84869}.Release|x86.ActiveCfg = Release|x86
		{D12F7F2F-8A3C-415F-88FA-6DD061A84869}.Release|x86.Build.0 = Release|x86
		{7C2CC69F-5CA0-4E5C-85CB-983F9F6C3B36}.Debug|x86.ActiveCfg = Debug|x86
		{7C2CC69F-5CA0-4E5C-85CB-983F9F6C3B36}.Debug|x86.Build.0 = Debug|x86
		{7C2CC69F-5CA0-4E5C-85CB-983F9F6C3B36}.Mono|x86.ActiveCfg = Debug|x86
		{7C2CC69F-5CA0-4E5C-85CB-983F9F6C3B36}.Mono|x86.Build.0 = Debug|x86
		{7C2CC69F-5CA0-4E5C-85CB-983F9F6C3B36}.Release|x86.ActiveCfg = Release|x86
		{7C2CC69F-5CA0-4E5C-85CB-983F9F6C3B36}.Release|x86.Build.0 = Release|x86
		{1B9A82C4-BCA1-4834-A33E-226F17BE070B}.Debug|x86.ActiveCfg = Debug|x86
		{1B9A82C4-BCA1-4834-A33E-226F17BE070B}.Debug|x86.Build.0 = Debug|x86
		{1B9A82C4-BCA1-4834-A33E-226F17BE070B}.Mono|x86.ActiveCfg = Debug|x86
		{1B9A82C4-BCA1-4834-A33E-226F17BE070B}.Mono|x86.Build.0 = Debug|x86
		{1B9A82C4-BCA1-4834-A33E-226F17BE070B}.Release|x86.ActiveCfg = Release|x86
		{1B9A82C4-BCA1-4834-A33E-226F17BE070B}.Release|x86.Build.0 = Release|x86
		{2B8C6DAD-4D85-41B1-83FD-248D9F347522}.Debug|x86.ActiveCfg = Debug|x86
		{2B8C6DAD-4D85-41B1-83FD-248D9F347522}.Debug|x86.Build.0 = Debug|x86
		{2B8C6DAD-4D85-41B1-83FD-248D9F347522}.Mono|x86.ActiveCfg = Release|x86
		{2B8C6DAD-4D85-41B1-83FD-248D9F347522}.Mono|x86.Build.0 = Release|x86
		{2B8C6DAD-4D85-41B1-83FD-248D9F347522}.Release|x86.ActiveCfg = Release|x86
		{2B8C6DAD-4D85-41B1-83FD-248D9F347522}.Release|x86.Build.0 = Release|x86
		{F6FC6BE7-0847-4817-A1ED-223DC647C3D7}.Debug|x86.ActiveCfg = Debug|x86
		{F6FC6BE7-0847-4817-A1ED-223DC647C3D7}.Debug|x86.Build.0 = Debug|x86
		{F6FC6BE7-0847-4817-A1ED-223DC647C3D7}.Mono|x86.ActiveCfg = Release|x86
		{F6FC6BE7-0847-4817-A1ED-223DC647C3D7}.Mono|x86.Build.0 = Release|x86
		{F6FC6BE7-0847-4817-A1ED-223DC647C3D7}.Release|x86.ActiveCfg = Release|x86
		{F6FC6BE7-0847-4817-A1ED-223DC647C3D7}.Release|x86.Build.0 = Release|x86
		{15AD7579-A314-4626-B556-663F51D97CD1}.Debug|x86.ActiveCfg = Debug|x86
		{15AD7579-A314-4626-B556-663F51D97CD1}.Debug|x86.Build.0 = Debug|x86
		{15AD7579-A314-4626-B556-663F51D97CD1}.Mono|x86.ActiveCfg = Release|x86
		{15AD7579-A314-4626-B556-663F51D97CD1}.Release|x86.ActiveCfg = Release|x86
		{15AD7579-A314-4626-B556-663F51D97CD1}.Release|x86.Build.0 = Release|x86
		{911284D3-F130-459E-836C-2430B6FBF21D}.Debug|x86.ActiveCfg = Debug|x86
		{911284D3-F130-459E-836C-2430B6FBF21D}.Debug|x86.Build.0 = Debug|x86
		{911284D3-F130-459E-836C-2430B6FBF21D}.Mono|x86.ActiveCfg = Release|x86
		{911284D3-F130-459E-836C-2430B6FBF21D}.Release|x86.ActiveCfg = Release|x86
		{911284D3-F130-459E-836C-2430B6FBF21D}.Release|x86.Build.0 = Release|x86
		{411A9E0E-FDC6-4E25-828A-0C2CD1CD96F8}.Debug|x86.ActiveCfg = Debug|x86
		{411A9E0E-FDC6-4E25-828A-0C2CD1CD96F8}.Debug|x86.Build.0 = Debug|x86
		{411A9E0E-FDC6-4E25-828A-0C2CD1CD96F8}.Mono|x86.ActiveCfg = Release|x86
		{411A9E0E-FDC6-4E25-828A-0C2CD1CD96F8}.Mono|x86.Build.0 = Release|x86
		{411A9E0E-FDC6-4E25-828A-0C2CD1CD96F8}.Release|x86.ActiveCfg = Release|x86
		{411A9E0E-FDC6-4E25-828A-0C2CD1CD96F8}.Release|x86.Build.0 = Release|x86
		{90D6E9FC-7B88-4E1B-B018-8FA742274558}.Debug|x86.ActiveCfg = Debug|x86
		{90D6E9FC-7B88-4E1B-B018-8FA742274558}.Debug|x86.Build.0 = Debug|x86
		{90D6E9FC-7B88-4E1B-B018-8FA742274558}.Mono|x86.ActiveCfg = Release|x86
		{90D6E9FC-7B88-4E1B-B018-8FA742274558}.Mono|x86.Build.0 = Release|x86
		{90D6E9FC-7B88-4E1B-B018-8FA742274558}.Release|x86.ActiveCfg = Release|x86
		{90D6E9FC-7B88-4E1B-B018-8FA742274558}.Release|x86.Build.0 = Release|x86
		{9DC31DE3-79FF-47A8-96B4-6BA18F6BB1CB}.Debug|x86.ActiveCfg = Debug|x86
		{9DC31DE3-79FF-47A8-96B4-6BA18F6BB1CB}.Debug|x86.Build.0 = Debug|x86
		{9DC31DE3-79FF-47A8-96B4-6BA18F6BB1CB}.Mono|x86.ActiveCfg = Release|x86
		{9DC31DE3-79FF-47A8-96B4-6BA18F6BB1CB}.Mono|x86.Build.0 = Release|x86
		{9DC31DE3-79FF-47A8-96B4-6BA18F6BB1CB}.Release|x86.ActiveCfg = Release|x86
		{9DC31DE3-79FF-47A8-96B4-6BA18F6BB1CB}.Release|x86.Build.0 = Release|x86
		{74420A79-CC16-442C-8B1E-7C1B913844F0}.Debug|x86.ActiveCfg = Debug|Any CPU
		{74420A79-CC16-442C-8B1E-7C1B913844F0}.Debug|x86.Build.0 = Debug|Any CPU
		{74420A79-CC16-442C-8B1E-7C1B913844F0}.Mono|x86.ActiveCfg = Release|Any CPU
		{74420A79-CC16-442C-8B1E-7C1B913844F0}.Mono|x86.Build.0 = Release|Any CPU
		{74420A79-CC16-442C-8B1E-7C1B913844F0}.Release|x86.ActiveCfg = Release|Any CPU
		{74420A79-CC16-442C-8B1E-7C1B913844F0}.Release|x86.Build.0 = Release|Any CPU
	EndGlobalSection
	GlobalSection(SolutionProperties) = preSolution
		HideSolutionNode = FALSE
	EndGlobalSection
	GlobalSection(NestedProjects) = preSolution
		{3DCA7B58-B8B3-49AC-9D9E-56F4A0460976} = {486ADF86-DD89-4E19-B805-9D94F19800D9}
		{95C11A9E-56ED-456A-8447-2C89C1139266} = {486ADF86-DD89-4E19-B805-9D94F19800D9}
		{D12F7F2F-8A3C-415F-88FA-6DD061A84869} = {486ADF86-DD89-4E19-B805-9D94F19800D9}
		{1B9A82C4-BCA1-4834-A33E-226F17BE070B} = {F6E3A728-AE77-4D02-BAC8-82FBC1402DDA}
		{2B8C6DAD-4D85-41B1-83FD-248D9F347522} = {F6E3A728-AE77-4D02-BAC8-82FBC1402DDA}
		{F6FC6BE7-0847-4817-A1ED-223DC647C3D7} = {F6E3A728-AE77-4D02-BAC8-82FBC1402DDA}
		{15AD7579-A314-4626-B556-663F51D97CD1} = {0F0D4998-8F5D-4467-A909-BB192C4B3B4B}
		{911284D3-F130-459E-836C-2430B6FBF21D} = {0F0D4998-8F5D-4467-A909-BB192C4B3B4B}
		{411A9E0E-FDC6-4E25-828A-0C2CD1CD96F8} = {F6E3A728-AE77-4D02-BAC8-82FBC1402DDA}
		{90D6E9FC-7B88-4E1B-B018-8FA742274558} = {F6E3A728-AE77-4D02-BAC8-82FBC1402DDA}
		{9DC31DE3-79FF-47A8-96B4-6BA18F6BB1CB} = {F6E3A728-AE77-4D02-BAC8-82FBC1402DDA}
		{74420A79-CC16-442C-8B1E-7C1B913844F0} = {F6E3A728-AE77-4D02-BAC8-82FBC1402DDA}
	EndGlobalSection
	GlobalSection(ExtensibilityGlobals) = postSolution
		EnterpriseLibraryConfigurationToolBinariesPath = packages\Unity.2.1.505.0\lib\NET35;packages\Unity.2.1.505.2\lib\NET35
	EndGlobalSection
	GlobalSection(MonoDevelopProperties) = preSolution
		StartupItem = NzbDrone.Console\NzbDrone.Console.csproj
	EndGlobalSection
	GlobalSection(JSLint) = preSolution
		SolutionConfigurationLocation = JSLintOptions.xml
	EndGlobalSection
EndGlobal
